// !$*UTF8*$!
{
	archiveVersion = 1;
	classes = {
	};
	objectVersion = 51;
	objects = {

/* Begin PBXBuildFile section */
		10AD1D0DC0D60A57EAB5ABA7 /* Pods_SwiftDemo.framework in Frameworks */ = {isa = PBXBuildFile; fileRef = 8F33EB18AA87A3A29A9A39E4 /* Pods_SwiftDemo.framework */; };
		882C9C6A2465551500EC5AE2 /* TestRxViewController.swift in Sources */ = {isa = PBXBuildFile; fileRef = 882C9C692465551500EC5AE2 /* TestRxViewController.swift */; };
		882C9C6C2465552800EC5AE2 /* TestRxViewController.storyboard in Resources */ = {isa = PBXBuildFile; fileRef = 882C9C6B2465552800EC5AE2 /* TestRxViewController.storyboard */; };
		883360CF23CC65D50084988E /* InfoPlist.strings in Resources */ = {isa = PBXBuildFile; fileRef = 883360D123CC65D50084988E /* InfoPlist.strings */; };
		883360D823CC68E10084988E /* Localizable.strings in Resources */ = {isa = PBXBuildFile; fileRef = 883360DA23CC68E10084988E /* Localizable.strings */; };
		883790092421C44300BFAA11 /* LoginVC.swift in Sources */ = {isa = PBXBuildFile; fileRef = 883790082421C44300BFAA11 /* LoginVC.swift */; };
		8837900B2421C45600BFAA11 /* LoginVM.swift in Sources */ = {isa = PBXBuildFile; fileRef = 8837900A2421C45600BFAA11 /* LoginVM.swift */; };
		883790192421F7E900BFAA11 /* ActivityIndicator.swift in Sources */ = {isa = PBXBuildFile; fileRef = 883790182421F7E900BFAA11 /* ActivityIndicator.swift */; };
		883790472422219300BFAA11 /* LogManager.swift in Sources */ = {isa = PBXBuildFile; fileRef = 883790462422219300BFAA11 /* LogManager.swift */; };
		8837904A24224A9600BFAA11 /* Configs.swift in Sources */ = {isa = PBXBuildFile; fileRef = 8837904924224A9600BFAA11 /* Configs.swift */; };
		8837904F24224DC200BFAA11 /* LibsManager.swift in Sources */ = {isa = PBXBuildFile; fileRef = 8837904E24224DC200BFAA11 /* LibsManager.swift */; };
		883790512422505B00BFAA11 /* LoginVC.storyboard in Resources */ = {isa = PBXBuildFile; fileRef = 883790502422505B00BFAA11 /* LoginVC.storyboard */; };
		884A67D8239124EC00A41837 /* HTTPManager.swift in Sources */ = {isa = PBXBuildFile; fileRef = 884A67D7239124EC00A41837 /* HTTPManager.swift */; };
		884A67DA2391250700A41837 /* BaseURLRquest.swift in Sources */ = {isa = PBXBuildFile; fileRef = 884A67D92391250700A41837 /* BaseURLRquest.swift */; };
		884A67DC239125AE00A41837 /* PIOURLRequest.swift in Sources */ = {isa = PBXBuildFile; fileRef = 884A67DB239125AE00A41837 /* PIOURLRequest.swift */; };
		886645C9238E4F4200110B07 /* RootTabBarController.swift in Sources */ = {isa = PBXBuildFile; fileRef = 886645C8238E4F4200110B07 /* RootTabBarController.swift */; };
		886645D0238E505F00110B07 /* NavigationController.swift in Sources */ = {isa = PBXBuildFile; fileRef = 886645CF238E505F00110B07 /* NavigationController.swift */; };
		8870C395238ECC3100997E9B /* TestView.m in Sources */ = {isa = PBXBuildFile; fileRef = 8870C394238ECC3100997E9B /* TestView.m */; };
		88738FDD238E8F0200B6C8E0 /* PageContainerController.swift in Sources */ = {isa = PBXBuildFile; fileRef = 88738FDC238E8F0200B6C8E0 /* PageContainerController.swift */; };
		88738FE0238E981100B6C8E0 /* DiscoverViewController.swift in Sources */ = {isa = PBXBuildFile; fileRef = 88738FDF238E981100B6C8E0 /* DiscoverViewController.swift */; };
		888272412394E3CD004AA69B /* APIService.swift in Sources */ = {isa = PBXBuildFile; fileRef = 888272402394E3CD004AA69B /* APIService.swift */; };
		888C726A238F7B8600C63CA8 /* View.xib in Resources */ = {isa = PBXBuildFile; fileRef = 888C7269238F7B8600C63CA8 /* View.xib */; };
		88AF71A32397C57300CFC9E0 /* DateFormatter+Extension.swift in Sources */ = {isa = PBXBuildFile; fileRef = 88AF71A22397C57300CFC9E0 /* DateFormatter+Extension.swift */; };
		88BDC23F238FA92A0052D8B2 /* UIColor+Extension.swift in Sources */ = {isa = PBXBuildFile; fileRef = 88BDC23E238FA92A0052D8B2 /* UIColor+Extension.swift */; };
		88BDC242238FB5B20052D8B2 /* BoutiqueVC.swift in Sources */ = {isa = PBXBuildFile; fileRef = 88BDC241238FB5B20052D8B2 /* BoutiqueVC.swift */; };
		88BDC244238FB5E20052D8B2 /* ViewModel.swift in Sources */ = {isa = PBXBuildFile; fileRef = 88BDC243238FB5E20052D8B2 /* ViewModel.swift */; };
		88BDC246238FB8930052D8B2 /* BoutiqueVM.swift in Sources */ = {isa = PBXBuildFile; fileRef = 88BDC245238FB8930052D8B2 /* BoutiqueVM.swift */; };
		88BDC249238FCCA30052D8B2 /* BoutiquePostCell.swift in Sources */ = {isa = PBXBuildFile; fileRef = 88BDC247238FCCA30052D8B2 /* BoutiquePostCell.swift */; };
		88BDC24A238FCCA30052D8B2 /* BoutiquePostCell.xib in Resources */ = {isa = PBXBuildFile; fileRef = 88BDC248238FCCA30052D8B2 /* BoutiquePostCell.xib */; };
		88BDC24C238FD9FF0052D8B2 /* Extension.swift in Sources */ = {isa = PBXBuildFile; fileRef = 88BDC24B238FD9FF0052D8B2 /* Extension.swift */; };
		88C1FC87236FFA13008AA1B5 /* AppDelegate.swift in Sources */ = {isa = PBXBuildFile; fileRef = 88C1FC86236FFA13008AA1B5 /* AppDelegate.swift */; };
		88C1FC89236FFA13008AA1B5 /* BaseViewController.swift in Sources */ = {isa = PBXBuildFile; fileRef = 88C1FC88236FFA13008AA1B5 /* BaseViewController.swift */; };
		88C1FC8C236FFA13008AA1B5 /* Main.storyboard in Resources */ = {isa = PBXBuildFile; fileRef = 88C1FC8A236FFA13008AA1B5 /* Main.storyboard */; };
		88C1FC8E236FFA15008AA1B5 /* Assets.xcassets in Resources */ = {isa = PBXBuildFile; fileRef = 88C1FC8D236FFA15008AA1B5 /* Assets.xcassets */; };
		88C1FC91236FFA15008AA1B5 /* LaunchScreen.storyboard in Resources */ = {isa = PBXBuildFile; fileRef = 88C1FC8F236FFA15008AA1B5 /* LaunchScreen.storyboard */; };
		88C1FC9923700F3B008AA1B5 /* Model.swift in Sources */ = {isa = PBXBuildFile; fileRef = 88C1FC9823700F3B008AA1B5 /* Model.swift */; };
		88F86ED323940B3000BEC4C5 /* Author.swift in Sources */ = {isa = PBXBuildFile; fileRef = 88F86ED223940B3000BEC4C5 /* Author.swift */; };
		88F86ED523940CE000BEC4C5 /* Post.swift in Sources */ = {isa = PBXBuildFile; fileRef = 88F86ED423940CE000BEC4C5 /* Post.swift */; };
		88F86ED72394115700BEC4C5 /* PostURLRequest.swift in Sources */ = {isa = PBXBuildFile; fileRef = 88F86ED62394115700BEC4C5 /* PostURLRequest.swift */; };
/* End PBXBuildFile section */

/* Begin PBXContainerItemProxy section */
		8817A0EA2383876100EE6431 /* PBXContainerItemProxy */ = {
			isa = PBXContainerItemProxy;
			containerPortal = 8817A0E52383876100EE6431 /* BluetoothSDK.xcodeproj */;
			proxyType = 2;
			remoteGlobalIDString = 885DB9022382AE4C0018E6A0;
			remoteInfo = BluetoothSDK;
		};
		886645CD238E4F4300110B07 /* PBXContainerItemProxy */ = {
			isa = PBXContainerItemProxy;
			containerPortal = 8817A0E52383876100EE6431 /* BluetoothSDK.xcodeproj */;
			proxyType = 2;
			remoteGlobalIDString = 8817A1272383BB2000EE6431;
			remoteInfo = Bluetooth;
		};
/* End PBXContainerItemProxy section */

/* Begin PBXFileReference section */
		29B608F9F168E5FD2B91D2BA /* Pods-SwiftDemo.release.xcconfig */ = {isa = PBXFileReference; includeInIndex = 1; lastKnownFileType = text.xcconfig; name = "Pods-SwiftDemo.release.xcconfig"; path = "Target Support Files/Pods-SwiftDemo/Pods-SwiftDemo.release.xcconfig"; sourceTree = "<group>"; };
		867705F57BF25C208D8E8AEE /* Pods-SwiftDemo.debug.xcconfig */ = {isa = PBXFileReference; includeInIndex = 1; lastKnownFileType = text.xcconfig; name = "Pods-SwiftDemo.debug.xcconfig"; path = "Target Support Files/Pods-SwiftDemo/Pods-SwiftDemo.debug.xcconfig"; sourceTree = "<group>"; };
		8817A0E52383876100EE6431 /* BluetoothSDK.xcodeproj */ = {isa = PBXFileReference; lastKnownFileType = "wrapper.pb-project"; name = BluetoothSDK.xcodeproj; path = BluetoothSDK/BluetoothSDK.xcodeproj; sourceTree = "<group>"; };
		8820625423C6D3DF0028E611 /* RxPlayground.playground */ = {isa = PBXFileReference; lastKnownFileType = file.playground; path = RxPlayground.playground; sourceTree = "<group>"; xcLanguageSpecificationIdentifier = xcode.lang.swift; };
		882C9C692465551500EC5AE2 /* TestRxViewController.swift */ = {isa = PBXFileReference; lastKnownFileType = sourcecode.swift; path = TestRxViewController.swift; sourceTree = "<group>"; };
		882C9C6B2465552800EC5AE2 /* TestRxViewController.storyboard */ = {isa = PBXFileReference; lastKnownFileType = file.storyboard; path = TestRxViewController.storyboard; sourceTree = "<group>"; };
		883360C223CC5E8F0084988E /* zh-Hant */ = {isa = PBXFileReference; lastKnownFileType = text.plist.strings; name = "zh-Hant"; path = "zh-Hant.lproj/Main.strings"; sourceTree = "<group>"; };
		883360C623CC5E900084988E /* zh-Hant */ = {isa = PBXFileReference; lastKnownFileType = text.plist.strings; name = "zh-Hant"; path = "zh-Hant.lproj/LaunchScreen.strings"; sourceTree = "<group>"; };
		883360C823CC62C00084988E /* zh-Hans */ = {isa = PBXFileReference; lastKnownFileType = text.plist.strings; name = "zh-Hans"; path = "zh-Hans.lproj/Main.strings"; sourceTree = "<group>"; };
		883360CC23CC62C00084988E /* zh-Hans */ = {isa = PBXFileReference; lastKnownFileType = text.plist.strings; name = "zh-Hans"; path = "zh-Hans.lproj/LaunchScreen.strings"; sourceTree = "<group>"; };
		883360D023CC65D50084988E /* en */ = {isa = PBXFileReference; lastKnownFileType = text.plist.strings; name = en; path = en.lproj/InfoPlist.strings; sourceTree = "<group>"; };
		883360D223CC65D80084988E /* zh-Hans */ = {isa = PBXFileReference; lastKnownFileType = text.plist.strings; name = "zh-Hans"; path = "zh-Hans.lproj/InfoPlist.strings"; sourceTree = "<group>"; };
		883360D323CC65D90084988E /* zh-Hant */ = {isa = PBXFileReference; lastKnownFileType = text.plist.strings; name = "zh-Hant"; path = "zh-Hant.lproj/InfoPlist.strings"; sourceTree = "<group>"; };
		883360D523CC66E60084988E /* en */ = {isa = PBXFileReference; lastKnownFileType = text.plist.strings; name = en; path = en.lproj/LaunchScreen.strings; sourceTree = "<group>"; };
		883360D923CC68E10084988E /* en */ = {isa = PBXFileReference; lastKnownFileType = text.plist.strings; name = en; path = en.lproj/Localizable.strings; sourceTree = "<group>"; };
		883360DB23CC68E20084988E /* zh-Hans */ = {isa = PBXFileReference; lastKnownFileType = text.plist.strings; name = "zh-Hans"; path = "zh-Hans.lproj/Localizable.strings"; sourceTree = "<group>"; };
		883360DC23CC68E50084988E /* zh-Hant */ = {isa = PBXFileReference; lastKnownFileType = text.plist.strings; name = "zh-Hant"; path = "zh-Hant.lproj/Localizable.strings"; sourceTree = "<group>"; };
		883360DD23CC6C360084988E /* ja */ = {isa = PBXFileReference; lastKnownFileType = text.plist.strings; name = ja; path = ja.lproj/Main.strings; sourceTree = "<group>"; };
		883360DE23CC6C360084988E /* ja */ = {isa = PBXFileReference; lastKnownFileType = text.plist.strings; name = ja; path = ja.lproj/LaunchScreen.strings; sourceTree = "<group>"; };
		883360DF23CC6C360084988E /* ja */ = {isa = PBXFileReference; lastKnownFileType = text.plist.strings; name = ja; path = ja.lproj/InfoPlist.strings; sourceTree = "<group>"; };
		883360E023CC6C360084988E /* ja */ = {isa = PBXFileReference; lastKnownFileType = text.plist.strings; name = ja; path = ja.lproj/Localizable.strings; sourceTree = "<group>"; };
		8834725823C770290007FF80 /* UIPlayground.playground */ = {isa = PBXFileReference; lastKnownFileType = file.playground; path = UIPlayground.playground; sourceTree = "<group>"; xcLanguageSpecificationIdentifier = xcode.lang.swift; };
		883790082421C44300BFAA11 /* LoginVC.swift */ = {isa = PBXFileReference; lastKnownFileType = sourcecode.swift; path = LoginVC.swift; sourceTree = "<group>"; };
		8837900A2421C45600BFAA11 /* LoginVM.swift */ = {isa = PBXFileReference; lastKnownFileType = sourcecode.swift; path = LoginVM.swift; sourceTree = "<group>"; };
		883790182421F7E900BFAA11 /* ActivityIndicator.swift */ = {isa = PBXFileReference; fileEncoding = 4; lastKnownFileType = sourcecode.swift; path = ActivityIndicator.swift; sourceTree = "<group>"; };
		883790462422219300BFAA11 /* LogManager.swift */ = {isa = PBXFileReference; lastKnownFileType = sourcecode.swift; path = LogManager.swift; sourceTree = "<group>"; };
		8837904924224A9600BFAA11 /* Configs.swift */ = {isa = PBXFileReference; lastKnownFileType = sourcecode.swift; path = Configs.swift; sourceTree = "<group>"; };
		8837904E24224DC200BFAA11 /* LibsManager.swift */ = {isa = PBXFileReference; lastKnownFileType = sourcecode.swift; path = LibsManager.swift; sourceTree = "<group>"; };
		883790502422505B00BFAA11 /* LoginVC.storyboard */ = {isa = PBXFileReference; lastKnownFileType = file.storyboard; path = LoginVC.storyboard; sourceTree = "<group>"; };
		884A67D7239124EC00A41837 /* HTTPManager.swift */ = {isa = PBXFileReference; lastKnownFileType = sourcecode.swift; path = HTTPManager.swift; sourceTree = "<group>"; };
		884A67D92391250700A41837 /* BaseURLRquest.swift */ = {isa = PBXFileReference; lastKnownFileType = sourcecode.swift; path = BaseURLRquest.swift; sourceTree = "<group>"; };
		884A67DB239125AE00A41837 /* PIOURLRequest.swift */ = {isa = PBXFileReference; lastKnownFileType = sourcecode.swift; path = PIOURLRequest.swift; sourceTree = "<group>"; };
		886645C8238E4F4200110B07 /* RootTabBarController.swift */ = {isa = PBXFileReference; lastKnownFileType = sourcecode.swift; path = RootTabBarController.swift; sourceTree = "<group>"; };
		886645CF238E505F00110B07 /* NavigationController.swift */ = {isa = PBXFileReference; lastKnownFileType = sourcecode.swift; path = NavigationController.swift; sourceTree = "<group>"; };
		8870C393238ECC3100997E9B /* TestView.h */ = {isa = PBXFileReference; lastKnownFileType = sourcecode.c.h; path = TestView.h; sourceTree = "<group>"; };
		8870C394238ECC3100997E9B /* TestView.m */ = {isa = PBXFileReference; lastKnownFileType = sourcecode.c.objc; path = TestView.m; sourceTree = "<group>"; };
		887140C6237191C80039D925 /* MyPlayground.playground */ = {isa = PBXFileReference; lastKnownFileType = file.playground; path = MyPlayground.playground; sourceTree = "<group>"; xcLanguageSpecificationIdentifier = xcode.lang.swift; };
		88738FDC238E8F0200B6C8E0 /* PageContainerController.swift */ = {isa = PBXFileReference; lastKnownFileType = sourcecode.swift; path = PageContainerController.swift; sourceTree = "<group>"; };
		88738FDF238E981100B6C8E0 /* DiscoverViewController.swift */ = {isa = PBXFileReference; lastKnownFileType = sourcecode.swift; path = DiscoverViewController.swift; sourceTree = "<group>"; };
		888272402394E3CD004AA69B /* APIService.swift */ = {isa = PBXFileReference; lastKnownFileType = sourcecode.swift; path = APIService.swift; sourceTree = "<group>"; };
		888470F523726C10002DABDE /* Advanced & Practical Enum usage in Swift.playground */ = {isa = PBXFileReference; lastKnownFileType = file.playground; path = "Advanced & Practical Enum usage in Swift.playground"; sourceTree = "<group>"; xcLanguageSpecificationIdentifier = xcode.lang.swift; };
		888C7269238F7B8600C63CA8 /* View.xib */ = {isa = PBXFileReference; lastKnownFileType = file.xib; path = View.xib; sourceTree = "<group>"; };
		889D2F8D2379742B005F50C9 /* SwiftDemo-Bridging-Header.h */ = {isa = PBXFileReference; lastKnownFileType = sourcecode.c.h; path = "SwiftDemo-Bridging-Header.h"; sourceTree = "<group>"; };
		88AF71A22397C57300CFC9E0 /* DateFormatter+Extension.swift */ = {isa = PBXFileReference; lastKnownFileType = sourcecode.swift; path = "DateFormatter+Extension.swift"; sourceTree = "<group>"; };
		88BDC23E238FA92A0052D8B2 /* UIColor+Extension.swift */ = {isa = PBXFileReference; lastKnownFileType = sourcecode.swift; path = "UIColor+Extension.swift"; sourceTree = "<group>"; };
		88BDC241238FB5B20052D8B2 /* BoutiqueVC.swift */ = {isa = PBXFileReference; lastKnownFileType = sourcecode.swift; path = BoutiqueVC.swift; sourceTree = "<group>"; };
		88BDC243238FB5E20052D8B2 /* ViewModel.swift */ = {isa = PBXFileReference; lastKnownFileType = sourcecode.swift; path = ViewModel.swift; sourceTree = "<group>"; };
		88BDC245238FB8930052D8B2 /* BoutiqueVM.swift */ = {isa = PBXFileReference; lastKnownFileType = sourcecode.swift; path = BoutiqueVM.swift; sourceTree = "<group>"; };
		88BDC247238FCCA30052D8B2 /* BoutiquePostCell.swift */ = {isa = PBXFileReference; lastKnownFileType = sourcecode.swift; path = BoutiquePostCell.swift; sourceTree = "<group>"; };
		88BDC248238FCCA30052D8B2 /* BoutiquePostCell.xib */ = {isa = PBXFileReference; lastKnownFileType = file.xib; path = BoutiquePostCell.xib; sourceTree = "<group>"; };
		88BDC24B238FD9FF0052D8B2 /* Extension.swift */ = {isa = PBXFileReference; lastKnownFileType = sourcecode.swift; path = Extension.swift; sourceTree = "<group>"; };
		88C1FC83236FFA13008AA1B5 /* SwiftDemo.app */ = {isa = PBXFileReference; explicitFileType = wrapper.application; includeInIndex = 0; path = SwiftDemo.app; sourceTree = BUILT_PRODUCTS_DIR; };
		88C1FC86236FFA13008AA1B5 /* AppDelegate.swift */ = {isa = PBXFileReference; lastKnownFileType = sourcecode.swift; path = AppDelegate.swift; sourceTree = "<group>"; };
		88C1FC88236FFA13008AA1B5 /* BaseViewController.swift */ = {isa = PBXFileReference; lastKnownFileType = sourcecode.swift; path = BaseViewController.swift; sourceTree = "<group>"; };
		88C1FC8B236FFA13008AA1B5 /* Base */ = {isa = PBXFileReference; lastKnownFileType = file.storyboard; name = Base; path = Base.lproj/Main.storyboard; sourceTree = "<group>"; };
		88C1FC8D236FFA15008AA1B5 /* Assets.xcassets */ = {isa = PBXFileReference; lastKnownFileType = folder.assetcatalog; path = Assets.xcassets; sourceTree = "<group>"; };
		88C1FC90236FFA15008AA1B5 /* Base */ = {isa = PBXFileReference; lastKnownFileType = file.storyboard; name = Base; path = Base.lproj/LaunchScreen.storyboard; sourceTree = "<group>"; };
		88C1FC92236FFA15008AA1B5 /* Info.plist */ = {isa = PBXFileReference; lastKnownFileType = text.plist.xml; path = Info.plist; sourceTree = "<group>"; };
		88C1FC9823700F3B008AA1B5 /* Model.swift */ = {isa = PBXFileReference; lastKnownFileType = sourcecode.swift; path = Model.swift; sourceTree = "<group>"; };
		88F86ED223940B3000BEC4C5 /* Author.swift */ = {isa = PBXFileReference; lastKnownFileType = sourcecode.swift; path = Author.swift; sourceTree = "<group>"; };
		88F86ED423940CE000BEC4C5 /* Post.swift */ = {isa = PBXFileReference; lastKnownFileType = sourcecode.swift; path = Post.swift; sourceTree = "<group>"; };
		88F86ED62394115700BEC4C5 /* PostURLRequest.swift */ = {isa = PBXFileReference; lastKnownFileType = sourcecode.swift; path = PostURLRequest.swift; sourceTree = "<group>"; };
		8F33EB18AA87A3A29A9A39E4 /* Pods_SwiftDemo.framework */ = {isa = PBXFileReference; explicitFileType = wrapper.framework; includeInIndex = 0; path = Pods_SwiftDemo.framework; sourceTree = BUILT_PRODUCTS_DIR; };
/* End PBXFileReference section */

/* Begin PBXFrameworksBuildPhase section */
		88C1FC80236FFA13008AA1B5 /* Frameworks */ = {
			isa = PBXFrameworksBuildPhase;
			buildActionMask = 2147483647;
			files = (
				10AD1D0DC0D60A57EAB5ABA7 /* Pods_SwiftDemo.framework in Frameworks */,
			);
			runOnlyForDeploymentPostprocessing = 0;
		};
/* End PBXFrameworksBuildPhase section */

/* Begin PBXGroup section */
		8817A0E62383876100EE6431 /* Products */ = {
			isa = PBXGroup;
			children = (
				8817A0EB2383876100EE6431 /* BluetoothSDK.framework */,
				886645CE238E4F4300110B07 /* Bluetooth.bundle */,
			);
			name = Products;
			sourceTree = "<group>";
		};
		882C9C65246554DB00EC5AE2 /* TestRx */ = {
			isa = PBXGroup;
			children = (
				882C9C692465551500EC5AE2 /* TestRxViewController.swift */,
				882C9C6B2465552800EC5AE2 /* TestRxViewController.storyboard */,
			);
			path = TestRx;
			sourceTree = "<group>";
		};
		883790042421C1D200BFAA11 /* Resources */ = {
			isa = PBXGroup;
			children = (
				883360D123CC65D50084988E /* InfoPlist.strings */,
				883360DA23CC68E10084988E /* Localizable.strings */,
				88C1FC8D236FFA15008AA1B5 /* Assets.xcassets */,
			);
			path = Resources;
			sourceTree = "<group>";
		};
		883790052421C24300BFAA11 /* Main */ = {
			isa = PBXGroup;
			children = (
				886645C8238E4F4200110B07 /* RootTabBarController.swift */,
				88738FDC238E8F0200B6C8E0 /* PageContainerController.swift */,
				88C1FC8A236FFA13008AA1B5 /* Main.storyboard */,
				88C1FC8F236FFA15008AA1B5 /* LaunchScreen.storyboard */,
			);
			path = Main;
			sourceTree = "<group>";
		};
		883790062421C26C00BFAA11 /* Common */ = {
			isa = PBXGroup;
			children = (
				88BDC243238FB5E20052D8B2 /* ViewModel.swift */,
				886645CF238E505F00110B07 /* NavigationController.swift */,
				88C1FC88236FFA13008AA1B5 /* BaseViewController.swift */,
			);
			path = Common;
			sourceTree = "<group>";
		};
		883790072421C42600BFAA11 /* Login */ = {
			isa = PBXGroup;
			children = (
				883790082421C44300BFAA11 /* LoginVC.swift */,
				883790502422505B00BFAA11 /* LoginVC.storyboard */,
				8837900A2421C45600BFAA11 /* LoginVM.swift */,
			);
			path = Login;
			sourceTree = "<group>";
		};
		8837900D2421C58800BFAA11 /* Vendor */ = {
			isa = PBXGroup;
			children = (
				883790312422147F00BFAA11 /* RxAlamofire */,
				883790182421F7E900BFAA11 /* ActivityIndicator.swift */,
			);
			path = Vendor;
			sourceTree = "<group>";
		};
		883790312422147F00BFAA11 /* RxAlamofire */ = {
			isa = PBXGroup;
			children = (
			);
			path = RxAlamofire;
			sourceTree = "<group>";
		};
		883790452422217F00BFAA11 /* Managers */ = {
			isa = PBXGroup;
			children = (
				883790462422219300BFAA11 /* LogManager.swift */,
				8837904E24224DC200BFAA11 /* LibsManager.swift */,
			);
			path = Managers;
			sourceTree = "<group>";
		};
		884A67D32391245700A41837 /* HTTP */ = {
			isa = PBXGroup;
			children = (
				884A67D7239124EC00A41837 /* HTTPManager.swift */,
				884A67D92391250700A41837 /* BaseURLRquest.swift */,
				884A67DB239125AE00A41837 /* PIOURLRequest.swift */,
				88F86ED62394115700BEC4C5 /* PostURLRequest.swift */,
				888272402394E3CD004AA69B /* APIService.swift */,
			);
			path = HTTP;
			sourceTree = "<group>";
		};
		88738FD8238E8EB100B6C8E0 /* Configs */ = {
			isa = PBXGroup;
			children = (
				8837904924224A9600BFAA11 /* Configs.swift */,
			);
			path = Configs;
			sourceTree = "<group>";
		};
		88738FDE238E97F100B6C8E0 /* Modules */ = {
			isa = PBXGroup;
			children = (
				882C9C65246554DB00EC5AE2 /* TestRx */,
				883790072421C42600BFAA11 /* Login */,
				883790052421C24300BFAA11 /* Main */,
				88BDC240238FB56C0052D8B2 /* Discover */,
			);
			path = Modules;
			sourceTree = "<group>";
		};
		88BDC23D238FA8DF0052D8B2 /* Extensions */ = {
			isa = PBXGroup;
			children = (
				88BDC23E238FA92A0052D8B2 /* UIColor+Extension.swift */,
				88AF71A22397C57300CFC9E0 /* DateFormatter+Extension.swift */,
				88BDC24B238FD9FF0052D8B2 /* Extension.swift */,
			);
			path = Extensions;
			sourceTree = "<group>";
		};
		88BDC240238FB56C0052D8B2 /* Discover */ = {
			isa = PBXGroup;
			children = (
				88738FDF238E981100B6C8E0 /* DiscoverViewController.swift */,
				88BDC241238FB5B20052D8B2 /* BoutiqueVC.swift */,
				88BDC245238FB8930052D8B2 /* BoutiqueVM.swift */,
				88BDC247238FCCA30052D8B2 /* BoutiquePostCell.swift */,
				88BDC248238FCCA30052D8B2 /* BoutiquePostCell.xib */,
			);
			path = Discover;
			sourceTree = "<group>";
		};
		88C1FC7A236FFA12008AA1B5 = {
			isa = PBXGroup;
			children = (
				88C1FC85236FFA13008AA1B5 /* SwiftDemo */,
				88C1FC84236FFA13008AA1B5 /* Products */,
				DC4511C0F6020EB66E9FAEDA /* Pods */,
				FDCCA31586230027A8C73A08 /* Frameworks */,
			);
			sourceTree = "<group>";
		};
		88C1FC84236FFA13008AA1B5 /* Products */ = {
			isa = PBXGroup;
			children = (
				88C1FC83236FFA13008AA1B5 /* SwiftDemo.app */,
			);
			name = Products;
			sourceTree = "<group>";
		};
		88C1FC85236FFA13008AA1B5 /* SwiftDemo */ = {
			isa = PBXGroup;
			children = (
				883790452422217F00BFAA11 /* Managers */,
				8837900D2421C58800BFAA11 /* Vendor */,
				883790062421C26C00BFAA11 /* Common */,
				883790042421C1D200BFAA11 /* Resources */,
				884A67D32391245700A41837 /* HTTP */,
				88BDC23D238FA8DF0052D8B2 /* Extensions */,
				88F86ECE239401CC00BEC4C5 /* Models */,
				88738FDE238E97F100B6C8E0 /* Modules */,
				88738FD8238E8EB100B6C8E0 /* Configs */,
				88C1FC86236FFA13008AA1B5 /* AppDelegate.swift */,
				888470F523726C10002DABDE /* Advanced & Practical Enum usage in Swift.playground */,
				887140C6237191C80039D925 /* MyPlayground.playground */,
				8834725823C770290007FF80 /* UIPlayground.playground */,
				8820625423C6D3DF0028E611 /* RxPlayground.playground */,
				8870C393238ECC3100997E9B /* TestView.h */,
				8870C394238ECC3100997E9B /* TestView.m */,
				888C7269238F7B8600C63CA8 /* View.xib */,
				88C1FC92236FFA15008AA1B5 /* Info.plist */,
				889D2F8D2379742B005F50C9 /* SwiftDemo-Bridging-Header.h */,
			);
			path = SwiftDemo;
			sourceTree = "<group>";
		};
		88F86ECE239401CC00BEC4C5 /* Models */ = {
			isa = PBXGroup;
			children = (
				88C1FC9823700F3B008AA1B5 /* Model.swift */,
				88F86ED223940B3000BEC4C5 /* Author.swift */,
				88F86ED423940CE000BEC4C5 /* Post.swift */,
			);
			path = Models;
			sourceTree = "<group>";
		};
		DC4511C0F6020EB66E9FAEDA /* Pods */ = {
			isa = PBXGroup;
			children = (
				867705F57BF25C208D8E8AEE /* Pods-SwiftDemo.debug.xcconfig */,
				29B608F9F168E5FD2B91D2BA /* Pods-SwiftDemo.release.xcconfig */,
			);
			path = Pods;
			sourceTree = "<group>";
		};
		FDCCA31586230027A8C73A08 /* Frameworks */ = {
			isa = PBXGroup;
			children = (
				8817A0E52383876100EE6431 /* BluetoothSDK.xcodeproj */,
				8F33EB18AA87A3A29A9A39E4 /* Pods_SwiftDemo.framework */,
			);
			name = Frameworks;
			sourceTree = "<group>";
		};
/* End PBXGroup section */

/* Begin PBXNativeTarget section */
		88C1FC82236FFA13008AA1B5 /* SwiftDemo */ = {
			isa = PBXNativeTarget;
			buildConfigurationList = 88C1FC95236FFA15008AA1B5 /* Build configuration list for PBXNativeTarget "SwiftDemo" */;
			buildPhases = (
				43A53B2AF4A899C30DA58F59 /* [CP] Check Pods Manifest.lock */,
				88C1FC7F236FFA13008AA1B5 /* Sources */,
				88C1FC80236FFA13008AA1B5 /* Frameworks */,
				88C1FC81236FFA13008AA1B5 /* Resources */,
				B4B74512E0E6CBFC68671FFC /* [CP] Embed Pods Frameworks */,
			);
			buildRules = (
			);
			dependencies = (
			);
			name = SwiftDemo;
			productName = SwiftDemo;
			productReference = 88C1FC83236FFA13008AA1B5 /* SwiftDemo.app */;
			productType = "com.apple.product-type.application";
		};
/* End PBXNativeTarget section */

/* Begin PBXProject section */
		88C1FC7B236FFA12008AA1B5 /* Project object */ = {
			isa = PBXProject;
			attributes = {
				LastSwiftUpdateCheck = 1030;
				LastUpgradeCheck = 1030;
				ORGANIZATIONNAME = Jesse.Zhu;
				TargetAttributes = {
					88C1FC82236FFA13008AA1B5 = {
						CreatedOnToolsVersion = 10.3;
						LastSwiftMigration = 1030;
					};
				};
			};
			buildConfigurationList = 88C1FC7E236FFA12008AA1B5 /* Build configuration list for PBXProject "SwiftDemo" */;
			compatibilityVersion = "Xcode 9.3";
			developmentRegion = en;
			hasScannedForEncodings = 0;
			knownRegions = (
				en,
				Base,
				"zh-Hant",
				"zh-Hans",
				ja,
			);
			mainGroup = 88C1FC7A236FFA12008AA1B5;
			productRefGroup = 88C1FC84236FFA13008AA1B5 /* Products */;
			projectDirPath = "";
			projectReferences = (
				{
					ProductGroup = 8817A0E62383876100EE6431 /* Products */;
					ProjectRef = 8817A0E52383876100EE6431 /* BluetoothSDK.xcodeproj */;
				},
			);
			projectRoot = "";
			targets = (
				88C1FC82236FFA13008AA1B5 /* SwiftDemo */,
			);
		};
/* End PBXProject section */

/* Begin PBXReferenceProxy section */
		8817A0EB2383876100EE6431 /* BluetoothSDK.framework */ = {
			isa = PBXReferenceProxy;
			fileType = wrapper.framework;
			path = BluetoothSDK.framework;
			remoteRef = 8817A0EA2383876100EE6431 /* PBXContainerItemProxy */;
			sourceTree = BUILT_PRODUCTS_DIR;
		};
		886645CE238E4F4300110B07 /* Bluetooth.bundle */ = {
			isa = PBXReferenceProxy;
			fileType = wrapper.cfbundle;
			path = Bluetooth.bundle;
			remoteRef = 886645CD238E4F4300110B07 /* PBXContainerItemProxy */;
			sourceTree = BUILT_PRODUCTS_DIR;
		};
/* End PBXReferenceProxy section */

/* Begin PBXResourcesBuildPhase section */
		88C1FC81236FFA13008AA1B5 /* Resources */ = {
			isa = PBXResourcesBuildPhase;
			buildActionMask = 2147483647;
			files = (
				888C726A238F7B8600C63CA8 /* View.xib in Resources */,
				883360CF23CC65D50084988E /* InfoPlist.strings in Resources */,
				88C1FC91236FFA15008AA1B5 /* LaunchScreen.storyboard in Resources */,
				883790512422505B00BFAA11 /* LoginVC.storyboard in Resources */,
				883360D823CC68E10084988E /* Localizable.strings in Resources */,
				88C1FC8E236FFA15008AA1B5 /* Assets.xcassets in Resources */,
				882C9C6C2465552800EC5AE2 /* TestRxViewController.storyboard in Resources */,
				88C1FC8C236FFA13008AA1B5 /* Main.storyboard in Resources */,
				88BDC24A238FCCA30052D8B2 /* BoutiquePostCell.xib in Resources */,
			);
			runOnlyForDeploymentPostprocessing = 0;
		};
/* End PBXResourcesBuildPhase section */

/* Begin PBXShellScriptBuildPhase section */
		43A53B2AF4A899C30DA58F59 /* [CP] Check Pods Manifest.lock */ = {
			isa = PBXShellScriptBuildPhase;
			buildActionMask = 2147483647;
			files = (
			);
			inputFileListPaths = (
			);
			inputPaths = (
				"${PODS_PODFILE_DIR_PATH}/Podfile.lock",
				"${PODS_ROOT}/Manifest.lock",
			);
			name = "[CP] Check Pods Manifest.lock";
			outputFileListPaths = (
			);
			outputPaths = (
				"$(DERIVED_FILE_DIR)/Pods-SwiftDemo-checkManifestLockResult.txt",
			);
			runOnlyForDeploymentPostprocessing = 0;
			shellPath = /bin/sh;
			shellScript = "diff \"${PODS_PODFILE_DIR_PATH}/Podfile.lock\" \"${PODS_ROOT}/Manifest.lock\" > /dev/null\nif [ $? != 0 ] ; then\n    # print error to STDERR\n    echo \"error: The sandbox is not in sync with the Podfile.lock. Run 'pod install' or update your CocoaPods installation.\" >&2\n    exit 1\nfi\n# This output is used by Xcode 'outputs' to avoid re-running this script phase.\necho \"SUCCESS\" > \"${SCRIPT_OUTPUT_FILE_0}\"\n";
			showEnvVarsInLog = 0;
		};
		B4B74512E0E6CBFC68671FFC /* [CP] Embed Pods Frameworks */ = {
			isa = PBXShellScriptBuildPhase;
			buildActionMask = 2147483647;
			files = (
			);
			inputFileListPaths = (
				"${PODS_ROOT}/Target Support Files/Pods-SwiftDemo/Pods-SwiftDemo-frameworks-${CONFIGURATION}-input-files.xcfilelist",
			);
			name = "[CP] Embed Pods Frameworks";
			outputFileListPaths = (
				"${PODS_ROOT}/Target Support Files/Pods-SwiftDemo/Pods-SwiftDemo-frameworks-${CONFIGURATION}-output-files.xcfilelist",
			);
			runOnlyForDeploymentPostprocessing = 0;
			shellPath = /bin/sh;
			shellScript = "\"${PODS_ROOT}/Target Support Files/Pods-SwiftDemo/Pods-SwiftDemo-frameworks.sh\"\n";
			showEnvVarsInLog = 0;
		};
/* End PBXShellScriptBuildPhase section */

/* Begin PBXSourcesBuildPhase section */
		88C1FC7F236FFA13008AA1B5 /* Sources */ = {
			isa = PBXSourcesBuildPhase;
			buildActionMask = 2147483647;
			files = (
				884A67DA2391250700A41837 /* BaseURLRquest.swift in Sources */,
				888272412394E3CD004AA69B /* APIService.swift in Sources */,
				8837904A24224A9600BFAA11 /* Configs.swift in Sources */,
				883790472422219300BFAA11 /* LogManager.swift in Sources */,
				8870C395238ECC3100997E9B /* TestView.m in Sources */,
				88BDC244238FB5E20052D8B2 /* ViewModel.swift in Sources */,
				88738FDD238E8F0200B6C8E0 /* PageContainerController.swift in Sources */,
				88C1FC9923700F3B008AA1B5 /* Model.swift in Sources */,
				88BDC23F238FA92A0052D8B2 /* UIColor+Extension.swift in Sources */,
				88BDC242238FB5B20052D8B2 /* BoutiqueVC.swift in Sources */,
				88738FE0238E981100B6C8E0 /* DiscoverViewController.swift in Sources */,
				884A67D8239124EC00A41837 /* HTTPManager.swift in Sources */,
				88F86ED72394115700BEC4C5 /* PostURLRequest.swift in Sources */,
				886645C9238E4F4200110B07 /* RootTabBarController.swift in Sources */,
				88BDC249238FCCA30052D8B2 /* BoutiquePostCell.swift in Sources */,
				8837900B2421C45600BFAA11 /* LoginVM.swift in Sources */,
				88BDC24C238FD9FF0052D8B2 /* Extension.swift in Sources */,
				88F86ED323940B3000BEC4C5 /* Author.swift in Sources */,
				883790192421F7E900BFAA11 /* ActivityIndicator.swift in Sources */,
				88BDC246238FB8930052D8B2 /* BoutiqueVM.swift in Sources */,
				88C1FC89236FFA13008AA1B5 /* BaseViewController.swift in Sources */,
				8837904F24224DC200BFAA11 /* LibsManager.swift in Sources */,
				886645D0238E505F00110B07 /* NavigationController.swift in Sources */,
				882C9C6A2465551500EC5AE2 /* TestRxViewController.swift in Sources */,
				88F86ED523940CE000BEC4C5 /* Post.swift in Sources */,
				884A67DC239125AE00A41837 /* PIOURLRequest.swift in Sources */,
				88AF71A32397C57300CFC9E0 /* DateFormatter+Extension.swift in Sources */,
				88C1FC87236FFA13008AA1B5 /* AppDelegate.swift in Sources */,
				883790092421C44300BFAA11 /* LoginVC.swift in Sources */,
			);
			runOnlyForDeploymentPostprocessing = 0;
		};
/* End PBXSourcesBuildPhase section */

/* Begin PBXVariantGroup section */
		883360D123CC65D50084988E /* InfoPlist.strings */ = {
			isa = PBXVariantGroup;
			children = (
				883360D023CC65D50084988E /* en */,
				883360D223CC65D80084988E /* zh-Hans */,
				883360D323CC65D90084988E /* zh-Hant */,
				883360DF23CC6C360084988E /* ja */,
			);
			name = InfoPlist.strings;
			sourceTree = "<group>";
		};
		883360DA23CC68E10084988E /* Localizable.strings */ = {
			isa = PBXVariantGroup;
			children = (
				883360D923CC68E10084988E /* en */,
				883360DB23CC68E20084988E /* zh-Hans */,
				883360DC23CC68E50084988E /* zh-Hant */,
				883360E023CC6C360084988E /* ja */,
			);
			name = Localizable.strings;
			sourceTree = "<group>";
		};
		88C1FC8A236FFA13008AA1B5 /* Main.storyboard */ = {
			isa = PBXVariantGroup;
			children = (
				88C1FC8B236FFA13008AA1B5 /* Base */,
				883360C223CC5E8F0084988E /* zh-Hant */,
				883360C823CC62C00084988E /* zh-Hans */,
				883360DD23CC6C360084988E /* ja */,
			);
			name = Main.storyboard;
			sourceTree = "<group>";
		};
		88C1FC8F236FFA15008AA1B5 /* LaunchScreen.storyboard */ = {
			isa = PBXVariantGroup;
			children = (
				88C1FC90236FFA15008AA1B5 /* Base */,
				883360C623CC5E900084988E /* zh-Hant */,
				883360CC23CC62C00084988E /* zh-Hans */,
				883360D523CC66E60084988E /* en */,
				883360DE23CC6C360084988E /* ja */,
			);
			name = LaunchScreen.storyboard;
			sourceTree = "<group>";
		};
/* End PBXVariantGroup section */

/* Begin XCBuildConfiguration section */
		88C1FC93236FFA15008AA1B5 /* Debug */ = {
			isa = XCBuildConfiguration;
			buildSettings = {
				ALWAYS_SEARCH_USER_PATHS = NO;
				CLANG_ANALYZER_LOCALIZABILITY_NONLOCALIZED = YES;
				CLANG_ANALYZER_NONNULL = YES;
				CLANG_ANALYZER_NUMBER_OBJECT_CONVERSION = YES_AGGRESSIVE;
				CLANG_CXX_LANGUAGE_STANDARD = "gnu++14";
				CLANG_CXX_LIBRARY = "libc++";
				CLANG_ENABLE_MODULES = YES;
				CLANG_ENABLE_OBJC_ARC = YES;
				CLANG_ENABLE_OBJC_WEAK = YES;
				CLANG_WARN_BLOCK_CAPTURE_AUTORELEASING = YES;
				CLANG_WARN_BOOL_CONVERSION = YES;
				CLANG_WARN_COMMA = YES;
				CLANG_WARN_CONSTANT_CONVERSION = YES;
				CLANG_WARN_DEPRECATED_OBJC_IMPLEMENTATIONS = YES;
				CLANG_WARN_DIRECT_OBJC_ISA_USAGE = YES_ERROR;
				CLANG_WARN_DOCUMENTATION_COMMENTS = YES;
				CLANG_WARN_EMPTY_BODY = YES;
				CLANG_WARN_ENUM_CONVERSION = YES;
				CLANG_WARN_INFINITE_RECURSION = YES;
				CLANG_WARN_INT_CONVERSION = YES;
				CLANG_WARN_NON_LITERAL_NULL_CONVERSION = YES;
				CLANG_WARN_OBJC_IMPLICIT_RETAIN_SELF = YES;
				CLANG_WARN_OBJC_LITERAL_CONVERSION = YES;
				CLANG_WARN_OBJC_ROOT_CLASS = YES_ERROR;
				CLANG_WARN_RANGE_LOOP_ANALYSIS = YES;
				CLANG_WARN_STRICT_PROTOTYPES = YES;
				CLANG_WARN_SUSPICIOUS_MOVE = YES;
				CLANG_WARN_UNGUARDED_AVAILABILITY = YES_AGGRESSIVE;
				CLANG_WARN_UNREACHABLE_CODE = YES;
				CLANG_WARN__DUPLICATE_METHOD_MATCH = YES;
				CODE_SIGN_IDENTITY = "iPhone Developer";
				COPY_PHASE_STRIP = NO;
				DEBUG_INFORMATION_FORMAT = dwarf;
				ENABLE_STRICT_OBJC_MSGSEND = YES;
				ENABLE_TESTABILITY = YES;
				GCC_C_LANGUAGE_STANDARD = gnu11;
				GCC_DYNAMIC_NO_PIC = NO;
				GCC_NO_COMMON_BLOCKS = YES;
				GCC_OPTIMIZATION_LEVEL = 0;
				GCC_PREPROCESSOR_DEFINITIONS = (
					"DEBUG=1",
					"$(inherited)",
				);
				GCC_WARN_64_TO_32_BIT_CONVERSION = YES;
				GCC_WARN_ABOUT_RETURN_TYPE = YES_ERROR;
				GCC_WARN_UNDECLARED_SELECTOR = YES;
				GCC_WARN_UNINITIALIZED_AUTOS = YES_AGGRESSIVE;
				GCC_WARN_UNUSED_FUNCTION = YES;
				GCC_WARN_UNUSED_VARIABLE = YES;
				IPHONEOS_DEPLOYMENT_TARGET = 12.4;
				MTL_ENABLE_DEBUG_INFO = INCLUDE_SOURCE;
				MTL_FAST_MATH = YES;
				ONLY_ACTIVE_ARCH = YES;
				SDKROOT = iphoneos;
				SWIFT_ACTIVE_COMPILATION_CONDITIONS = DEBUG;
				SWIFT_OPTIMIZATION_LEVEL = "-Onone";
			};
			name = Debug;
		};
		88C1FC94236FFA15008AA1B5 /* Release */ = {
			isa = XCBuildConfiguration;
			buildSettings = {
				ALWAYS_SEARCH_USER_PATHS = NO;
				CLANG_ANALYZER_LOCALIZABILITY_NONLOCALIZED = YES;
				CLANG_ANALYZER_NONNULL = YES;
				CLANG_ANALYZER_NUMBER_OBJECT_CONVERSION = YES_AGGRESSIVE;
				CLANG_CXX_LANGUAGE_STANDARD = "gnu++14";
				CLANG_CXX_LIBRARY = "libc++";
				CLANG_ENABLE_MODULES = YES;
				CLANG_ENABLE_OBJC_ARC = YES;
				CLANG_ENABLE_OBJC_WEAK = YES;
				CLANG_WARN_BLOCK_CAPTURE_AUTORELEASING = YES;
				CLANG_WARN_BOOL_CONVERSION = YES;
				CLANG_WARN_COMMA = YES;
				CLANG_WARN_CONSTANT_CONVERSION = YES;
				CLANG_WARN_DEPRECATED_OBJC_IMPLEMENTATIONS = YES;
				CLANG_WARN_DIRECT_OBJC_ISA_USAGE = YES_ERROR;
				CLANG_WARN_DOCUMENTATION_COMMENTS = YES;
				CLANG_WARN_EMPTY_BODY = YES;
				CLANG_WARN_ENUM_CONVERSION = YES;
				CLANG_WARN_INFINITE_RECURSION = YES;
				CLANG_WARN_INT_CONVERSION = YES;
				CLANG_WARN_NON_LITERAL_NULL_CONVERSION = YES;
				CLANG_WARN_OBJC_IMPLICIT_RETAIN_SELF = YES;
				CLANG_WARN_OBJC_LITERAL_CONVERSION = YES;
				CLANG_WARN_OBJC_ROOT_CLASS = YES_ERROR;
				CLANG_WARN_RANGE_LOOP_ANALYSIS = YES;
				CLANG_WARN_STRICT_PROTOTYPES = YES;
				CLANG_WARN_SUSPICIOUS_MOVE = YES;
				CLANG_WARN_UNGUARDED_AVAILABILITY = YES_AGGRESSIVE;
				CLANG_WARN_UNREACHABLE_CODE = YES;
				CLANG_WARN__DUPLICATE_METHOD_MATCH = YES;
				CODE_SIGN_IDENTITY = "iPhone Developer";
				COPY_PHASE_STRIP = NO;
				DEBUG_INFORMATION_FORMAT = "dwarf-with-dsym";
				ENABLE_NS_ASSERTIONS = NO;
				ENABLE_STRICT_OBJC_MSGSEND = YES;
				GCC_C_LANGUAGE_STANDARD = gnu11;
				GCC_NO_COMMON_BLOCKS = YES;
				GCC_WARN_64_TO_32_BIT_CONVERSION = YES;
				GCC_WARN_ABOUT_RETURN_TYPE = YES_ERROR;
				GCC_WARN_UNDECLARED_SELECTOR = YES;
				GCC_WARN_UNINITIALIZED_AUTOS = YES_AGGRESSIVE;
				GCC_WARN_UNUSED_FUNCTION = YES;
				GCC_WARN_UNUSED_VARIABLE = YES;
				IPHONEOS_DEPLOYMENT_TARGET = 12.4;
				MTL_ENABLE_DEBUG_INFO = NO;
				MTL_FAST_MATH = YES;
				SDKROOT = iphoneos;
				SWIFT_COMPILATION_MODE = wholemodule;
				SWIFT_OPTIMIZATION_LEVEL = "-O";
				VALIDATE_PRODUCT = YES;
			};
			name = Release;
		};
		88C1FC96236FFA15008AA1B5 /* Debug */ = {
			isa = XCBuildConfiguration;
			baseConfigurationReference = 867705F57BF25C208D8E8AEE /* Pods-SwiftDemo.debug.xcconfig */;
			buildSettings = {
				ASSETCATALOG_COMPILER_APPICON_NAME = AppIcon;
				CLANG_ENABLE_MODULES = YES;
				CODE_SIGN_IDENTITY = "iPhone Developer";
				CODE_SIGN_STYLE = Automatic;
				DEVELOPMENT_TEAM = ST9XPPASGU;
				FRAMEWORK_SEARCH_PATHS = (
					"$(inherited)",
					"$(PROJECT_DIR)/SwiftDemo",
				);
				INFOPLIST_FILE = SwiftDemo/Info.plist;
				IPHONEOS_DEPLOYMENT_TARGET = 11.0;
				LD_RUNPATH_SEARCH_PATHS = (
					"$(inherited)",
					"@executable_path/Frameworks",
				);
				PRODUCT_BUNDLE_IDENTIFIER = com.nng.SwiftDemo;
				PRODUCT_NAME = "$(TARGET_NAME)";
				PROVISIONING_PROFILE_SPECIFIER = "";
				SWIFT_OBJC_BRIDGING_HEADER = "SwiftDemo/SwiftDemo-Bridging-Header.h";
				SWIFT_OPTIMIZATION_LEVEL = "-Onone";
				SWIFT_VERSION = 5.0;
				TARGETED_DEVICE_FAMILY = 1;
			};
			name = Debug;
		};
		88C1FC97236FFA15008AA1B5 /* Release */ = {
			isa = XCBuildConfiguration;
			baseConfigurationReference = 29B608F9F168E5FD2B91D2BA /* Pods-SwiftDemo.release.xcconfig */;
			buildSettings = {
				ASSETCATALOG_COMPILER_APPICON_NAME = AppIcon;
				CLANG_ENABLE_MODULES = YES;
				CODE_SIGN_IDENTITY = "iPhone Developer";
				CODE_SIGN_STYLE = Automatic;
				DEVELOPMENT_TEAM = ST9XPPASGU;
				FRAMEWORK_SEARCH_PATHS = (
					"$(inherited)",
					"$(PROJECT_DIR)/SwiftDemo",
				);
				INFOPLIST_FILE = SwiftDemo/Info.plist;
				IPHONEOS_DEPLOYMENT_TARGET = 11.0;
				LD_RUNPATH_SEARCH_PATHS = (
					"$(inherited)",
					"@executable_path/Frameworks",
				);
				PRODUCT_BUNDLE_IDENTIFIER = com.nng.SwiftDemo;
				PRODUCT_NAME = "$(TARGET_NAME)";
				PROVISIONING_PROFILE_SPECIFIER = "";
				SWIFT_OBJC_BRIDGING_HEADER = "SwiftDemo/SwiftDemo-Bridging-Header.h";
				SWIFT_VERSION = 5.0;
				TARGETED_DEVICE_FAMILY = 1;
			};
			name = Release;
		};
/* End XCBuildConfiguration section */

/* Begin XCConfigurationList section */
		88C1FC7E236FFA12008AA1B5 /* Build configuration list for PBXProject "SwiftDemo" */ = {
			isa = XCConfigurationList;
			buildConfigurations = (
				88C1FC93236FFA15008AA1B5 /* Debug */,
				88C1FC94236FFA15008AA1B5 /* Release */,
			);
			defaultConfigurationIsVisible = 0;
			defaultConfigurationName = Release;
		};
		88C1FC95236FFA15008AA1B5 /* Build configuration list for PBXNativeTarget "SwiftDemo" */ = {
			isa = XCConfigurationList;
			buildConfigurations = (
				88C1FC96236FFA15008AA1B5 /* Debug */,
				88C1FC97236FFA15008AA1B5 /* Release */,
			);
			defaultConfigurationIsVisible = 0;
			defaultConfigurationName = Release;
		};
/* End XCConfigurationList section */
	};
	rootObject = 88C1FC7B236FFA12008AA1B5 /* Project object */;
}
